
Microsoft Visual Studio Solution File, Format Version 12.00
# Visual Studio Version 17
VisualStudioVersion = 17.0.31919.166
MinimumVisualStudioVersion = 10.0.40219.1
Project("{9A19103F-16F7-4668-BE54-9A1E7A4F7556}") = "TransportManagmentSystemBackend.Api", "TransportManagmentSystemBackend\TransportManagmentSystemBackend.Api.csproj", "{CECABCFB-22DF-469D-8EB7-ECA13A1CA32E}"
EndProject
Project("{FAE04EC0-301F-11D3-BF4B-00C04F79EFBC}") = "TransportManagmentSystemBackend.Core", "TransportManagmentSystemBackend.Core\TransportManagmentSystemBackend.Core.csproj", "{89F18D55-1154-4CF2-8A49-F1173EDF6BA4}"
EndProject
Project("{FAE04EC0-301F-11D3-BF4B-00C04F79EFBC}") = "TransportManagmentSystemBackend.Infrastructure", "TransportManagmentSystemBackend.Infrastructure\TransportManagmentSystemBackend.Infrastructure.csproj", "{46DA726E-BDF6-4B89-9F39-1717541AD696}"
EndProject
Project("{2150E333-8FDC-42A3-9474-1A3956D46DE8}") = "Tests", "Tests", "{0FF3803E-6C3B-49EE-96AA-CBB92E72559C}"
EndProject
Project("{2150E333-8FDC-42A3-9474-1A3956D46DE8}") = "src", "src", "{3426E54C-3399-45B8-8C45-E549A0A06252}"
EndProject
Project("{FAE04EC0-301F-11D3-BF4B-00C04F79EFBC}") = "TransportManagmentSystemBackend.Api.Tests", "TransportManagmentSystemBackend.Api.Tests\TransportManagmentSystemBackend.Api.Tests.csproj", "{4C006A13-EBF4-4FBA-B10D-CB41DEAD74F1}"
EndProject
Project("{FAE04EC0-301F-11D3-BF4B-00C04F79EFBC}") = "TransportManagmentSystemBackend.Core.Tests", "TransportManagmentSystemBackend.Core.Tests\TransportManagmentSystemBackend.Core.Tests.csproj", "{8CF915CD-C2D9-44E8-BA01-AE527C9AB561}"
EndProject
Project("{FAE04EC0-301F-11D3-BF4B-00C04F79EFBC}") = "TransportManagmentSystemBackend.Infrastructure.Tests", "TransportManagmentSystemBackend.Infrastructure.Tests\TransportManagmentSystemBackend.Infrastructure.Tests.csproj", "{55A3830C-D9CE-4FC2-8761-82E3FF2570DF}"
EndProject
Global
	GlobalSection(SolutionConfigurationPlatforms) = preSolution
		Debug|Any CPU = Debug|Any CPU
		Release|Any CPU = Release|Any CPU
	EndGlobalSection
	GlobalSection(ProjectConfigurationPlatforms) = postSolution
		{CECABCFB-22DF-469D-8EB7-ECA13A1CA32E}.Debug|Any CPU.ActiveCfg = Debug|Any CPU
		{CECABCFB-22DF-469D-8EB7-ECA13A1CA32E}.Debug|Any CPU.Build.0 = Debug|Any CPU
		{CECABCFB-22DF-469D-8EB7-ECA13A1CA32E}.Release|Any CPU.ActiveCfg = Release|Any CPU
		{CECABCFB-22DF-469D-8EB7-ECA13A1CA32E}.Release|Any CPU.Build.0 = Release|Any CPU
		{89F18D55-1154-4CF2-8A49-F1173EDF6BA4}.Debug|Any CPU.ActiveCfg = Debug|Any CPU
		{89F18D55-1154-4CF2-8A49-F1173EDF6BA4}.Debug|Any CPU.Build.0 = Debug|Any CPU
		{89F18D55-1154-4CF2-8A49-F1173EDF6BA4}.Release|Any CPU.ActiveCfg = Release|Any CPU
		{89F18D55-1154-4CF2-8A49-F1173EDF6BA4}.Release|Any CPU.Build.0 = Release|Any CPU
		{46DA726E-BDF6-4B89-9F39-1717541AD696}.Debug|Any CPU.ActiveCfg = Debug|Any CPU
		{46DA726E-BDF6-4B89-9F39-1717541AD696}.Debug|Any CPU.Build.0 = Debug|Any CPU
		{46DA726E-BDF6-4B89-9F39-1717541AD696}.Release|Any CPU.ActiveCfg = Release|Any CPU
		{46DA726E-BDF6-4B89-9F39-1717541AD696}.Release|Any CPU.Build.0 = Release|Any CPU
		{4C006A13-EBF4-4FBA-B10D-CB41DEAD74F1}.Debug|Any CPU.ActiveCfg = Debug|Any CPU
		{4C006A13-EBF4-4FBA-B10D-CB41DEAD74F1}.Debug|Any CPU.Build.0 = Debug|Any CPU
		{4C006A13-EBF4-4FBA-B10D-CB41DEAD74F1}.Release|Any CPU.ActiveCfg = Release|Any CPU
		{4C006A13-EBF4-4FBA-B10D-CB41DEAD74F1}.Release|Any CPU.Build.0 = Release|Any CPU
		{8CF915CD-C2D9-44E8-BA01-AE527C9AB561}.Debug|Any CPU.ActiveCfg = Debug|Any CPU
		{8CF915CD-C2D9-44E8-BA01-AE527C9AB561}.Debug|Any CPU.Build.0 = Debug|Any CPU
		{8CF915CD-C2D9-44E8-BA01-AE527C9AB561}.Release|Any CPU.ActiveCfg = Release|Any CPU
		{8CF915CD-C2D9-44E8-BA01-AE527C9AB561}.Release|Any CPU.Build.0 = Release|Any CPU
		{55A3830C-D9CE-4FC2-8761-82E3FF2570DF}.Debug|Any CPU.ActiveCfg = Debug|Any CPU
		{55A3830C-D9CE-4FC2-8761-82E3FF2570DF}.Debug|Any CPU.Build.0 = Debug|Any CPU
		{55A3830C-D9CE-4FC2-8761-82E3FF2570DF}.Release|Any CPU.ActiveCfg = Release|Any CPU
		{55A3830C-D9CE-4FC2-8761-82E3FF2570DF}.Release|Any CPU.Build.0 = Release|Any CPU
	EndGlobalSection
	GlobalSection(SolutionProperties) = preSolution
		HideSolutionNode = FALSE
	EndGlobalSection
	GlobalSection(NestedProjects) = preSolution
		{CECABCFB-22DF-469D-8EB7-ECA13A1CA32E} = {3426E54C-3399-45B8-8C45-E549A0A06252}
		{89F18D55-1154-4CF2-8A49-F1173EDF6BA4} = {3426E54C-3399-45B8-8C45-E549A0A06252}
		{46DA726E-BDF6-4B89-9F39-1717541AD696} = {3426E54C-3399-45B8-8C45-E549A0A06252}
		{4C006A13-EBF4-4FBA-B10D-CB41DEAD74F1} = {0FF3803E-6C3B-49EE-96AA-CBB92E72559C}
		{8CF915CD-C2D9-44E8-BA01-AE527C9AB561} = {0FF3803E-6C3B-49EE-96AA-CBB92E72559C}
		{55A3830C-D9CE-4FC2-8761-82E3FF2570DF} = {0FF3803E-6C3B-49EE-96AA-CBB92E72559C}
	EndGlobalSection
	GlobalSection(ExtensibilityGlobals) = postSolution
		SolutionGuid = {008F171A-0413-456B-9126-25721336F102}
	EndGlobalSection
EndGlobal
